// !$*UTF8*$!
{
	archiveVersion = 1;
	classes = {
	};
	objectVersion = 56;
	objects = {

/* Begin PBXBuildFile section */
		7F5062BF2CE1273400E529F8 /* DetailedViewController.swift in Sources */ = {isa = PBXBuildFile; fileRef = 7F5062BE2CE1273400E529F8 /* DetailedViewController.swift */; };
		7FA857922CE3BA8900F7B0AC /* CustomTableViewCell.swift in Sources */ = {isa = PBXBuildFile; fileRef = 7FA857912CE3BA8900F7B0AC /* CustomTableViewCell.swift */; };

		007E6C872CDC2B6B005848ED /* ProfileViewController.swift in Sources */ = {isa = PBXBuildFile; fileRef = 007E6C862CDC2B6B005848ED /* ProfileViewController.swift */; };
		00F4E2F22CE0091B0069C29E /* LoginViewController.swift in Sources */ = {isa = PBXBuildFile; fileRef = 00F4E2F12CE0091B0069C29E /* LoginViewController.swift */; };
		00F4E2F42CE009380069C29E /* RegisterViewController.swift in Sources */ = {isa = PBXBuildFile; fileRef = 00F4E2F32CE009380069C29E /* RegisterViewController.swift */; };
		C35C876F2CE008C6002AA2C1 /* Post.swift in Sources */ = {isa = PBXBuildFile; fileRef = C35C876E2CE008C6002AA2C1 /* Post.swift */; };
		C371B8602CDABB0000890F02 /* MongoTest.swift in Sources */ = {isa = PBXBuildFile; fileRef = C371B85F2CDABB0000890F02 /* MongoTest.swift */; };
		C371B8632CDAC64700890F02 /* User.swift in Sources */ = {isa = PBXBuildFile; fileRef = C371B8622CDAC64700890F02 /* User.swift */; };
		C3A53E362CD8676900D105EC /* AppDelegate.swift in Sources */ = {isa = PBXBuildFile; fileRef = C3A53E352CD8676900D105EC /* AppDelegate.swift */; };
		C3A53E382CD8676900D105EC /* SceneDelegate.swift in Sources */ = {isa = PBXBuildFile; fileRef = C3A53E372CD8676900D105EC /* SceneDelegate.swift */; };
		C3A53E3A2CD8676900D105EC /* ViewController.swift in Sources */ = {isa = PBXBuildFile; fileRef = C3A53E392CD8676900D105EC /* ViewController.swift */; };
		C3A53E3D2CD8676900D105EC /* Base in Resources */ = {isa = PBXBuildFile; fileRef = C3A53E3C2CD8676900D105EC /* Base */; };
		C3A53E3F2CD8676A00D105EC /* Assets.xcassets in Resources */ = {isa = PBXBuildFile; fileRef = C3A53E3E2CD8676A00D105EC /* Assets.xcassets */; };
		C3A53E422CD8676A00D105EC /* Base in Resources */ = {isa = PBXBuildFile; fileRef = C3A53E412CD8676A00D105EC /* Base */; };
		C3FC87612CDB10C100AA4C16 /* Meow in Frameworks */ = {isa = PBXBuildFile; productRef = C3FC87602CDB10C100AA4C16 /* Meow */; };
		C3FC87632CDB10C100AA4C16 /* MongoClient in Frameworks */ = {isa = PBXBuildFile; productRef = C3FC87622CDB10C100AA4C16 /* MongoClient */; };
		C3FC87652CDB10C100AA4C16 /* MongoCore in Frameworks */ = {isa = PBXBuildFile; productRef = C3FC87642CDB10C100AA4C16 /* MongoCore */; };
		C3FC87672CDB10C100AA4C16 /* MongoKitten in Frameworks */ = {isa = PBXBuildFile; productRef = C3FC87662CDB10C100AA4C16 /* MongoKitten */; };
		C3FC87692CDB132B00AA4C16 /* GoogleService-Info.plist in Resources */ = {isa = PBXBuildFile; fileRef = C3FC87682CDB132B00AA4C16 /* GoogleService-Info.plist */; };
/* End PBXBuildFile section */

/* Begin PBXFileReference section */
		7F5062BE2CE1273400E529F8 /* DetailedViewController.swift */ = {isa = PBXFileReference; lastKnownFileType = sourcecode.swift; path = DetailedViewController.swift; sourceTree = "<group>"; };
		7FA857912CE3BA8900F7B0AC /* CustomTableViewCell.swift */ = {isa = PBXFileReference; lastKnownFileType = sourcecode.swift; path = CustomTableViewCell.swift; sourceTree = "<group>"; };
		007E6C862CDC2B6B005848ED /* ProfileViewController.swift */ = {isa = PBXFileReference; lastKnownFileType = sourcecode.swift; path = ProfileViewController.swift; sourceTree = "<group>"; };
		00F4E2F12CE0091B0069C29E /* LoginViewController.swift */ = {isa = PBXFileReference; lastKnownFileType = sourcecode.swift; path = LoginViewController.swift; sourceTree = "<group>"; };
		00F4E2F32CE009380069C29E /* RegisterViewController.swift */ = {isa = PBXFileReference; lastKnownFileType = sourcecode.swift; path = RegisterViewController.swift; sourceTree = "<group>"; };
		C35C876E2CE008C6002AA2C1 /* Post.swift */ = {isa = PBXFileReference; lastKnownFileType = sourcecode.swift; path = Post.swift; sourceTree = "<group>"; };
		C35C87702CE028E5002AA2C1 /* tutorial.md */ = {isa = PBXFileReference; lastKnownFileType = net.daringfireball.markdown; path = tutorial.md; sourceTree = "<group>"; };
		C371B85F2CDABB0000890F02 /* MongoTest.swift */ = {isa = PBXFileReference; lastKnownFileType = sourcecode.swift; path = MongoTest.swift; sourceTree = "<group>"; };
		C371B8622CDAC64700890F02 /* User.swift */ = {isa = PBXFileReference; lastKnownFileType = sourcecode.swift; path = User.swift; sourceTree = "<group>"; };
		C3A53E322CD8676900D105EC /* workkie.app */ = {isa = PBXFileReference; explicitFileType = wrapper.application; includeInIndex = 0; path = workkie.app; sourceTree = BUILT_PRODUCTS_DIR; };
		C3A53E352CD8676900D105EC /* AppDelegate.swift */ = {isa = PBXFileReference; lastKnownFileType = sourcecode.swift; path = AppDelegate.swift; sourceTree = "<group>"; };
		C3A53E372CD8676900D105EC /* SceneDelegate.swift */ = {isa = PBXFileReference; lastKnownFileType = sourcecode.swift; path = SceneDelegate.swift; sourceTree = "<group>"; };
		C3A53E392CD8676900D105EC /* ViewController.swift */ = {isa = PBXFileReference; lastKnownFileType = sourcecode.swift; path = ViewController.swift; sourceTree = "<group>"; };
		C3A53E3C2CD8676900D105EC /* Base */ = {isa = PBXFileReference; lastKnownFileType = file.storyboard; name = Base; path = Base.lproj/Main.storyboard; sourceTree = "<group>"; };
		C3A53E3E2CD8676A00D105EC /* Assets.xcassets */ = {isa = PBXFileReference; lastKnownFileType = folder.assetcatalog; path = Assets.xcassets; sourceTree = "<group>"; };
		C3A53E412CD8676A00D105EC /* Base */ = {isa = PBXFileReference; lastKnownFileType = file.storyboard; name = Base; path = Base.lproj/LaunchScreen.storyboard; sourceTree = "<group>"; };
		C3A53E432CD8676A00D105EC /* Info.plist */ = {isa = PBXFileReference; lastKnownFileType = text.plist.xml; path = Info.plist; sourceTree = "<group>"; };
		C3FC87682CDB132B00AA4C16 /* GoogleService-Info.plist */ = {isa = PBXFileReference; fileEncoding = 4; lastKnownFileType = text.plist.xml; path = "GoogleService-Info.plist"; sourceTree = "<group>"; };
/* End PBXFileReference section */

/* Begin PBXFrameworksBuildPhase section */
		C3A53E2F2CD8676900D105EC /* Frameworks */ = {
			isa = PBXFrameworksBuildPhase;
			buildActionMask = 2147483647;
			files = (
				C3FC87652CDB10C100AA4C16 /* MongoCore in Frameworks */,
				C3FC87632CDB10C100AA4C16 /* MongoClient in Frameworks */,
				C3FC87672CDB10C100AA4C16 /* MongoKitten in Frameworks */,
				C3FC87612CDB10C100AA4C16 /* Meow in Frameworks */,
			);
			runOnlyForDeploymentPostprocessing = 0;
		};
/* End PBXFrameworksBuildPhase section */

/* Begin PBXGroup section */
		C371B85C2CDABAD400890F02 /* database */ = {
			isa = PBXGroup;
			children = (
				C371B85F2CDABB0000890F02 /* MongoTest.swift */,
				C35C87702CE028E5002AA2C1 /* tutorial.md */,
			);
			path = database;
			sourceTree = "<group>";
		};
		C371B8612CDAC64000890F02 /* model */ = {
			isa = PBXGroup;
			children = (
				C371B8622CDAC64700890F02 /* User.swift */,
				C35C876E2CE008C6002AA2C1 /* Post.swift */,
			);
			path = model;
			sourceTree = "<group>";
		};
		C3A53E292CD8676900D105EC = {
			isa = PBXGroup;
			children = (
				C3A53E342CD8676900D105EC /* workkie */,
				C3A53E332CD8676900D105EC /* Products */,
			);
			sourceTree = "<group>";
		};
		C3A53E332CD8676900D105EC /* Products */ = {
			isa = PBXGroup;
			children = (
				C3A53E322CD8676900D105EC /* workkie.app */,
			);
			name = Products;
			sourceTree = "<group>";
		};
		C3A53E342CD8676900D105EC /* workkie */ = {
			isa = PBXGroup;
			children = (
				C371B8612CDAC64000890F02 /* model */,
				C371B85C2CDABAD400890F02 /* database */,
				C3A53E352CD8676900D105EC /* AppDelegate.swift */,
				C3A53E372CD8676900D105EC /* SceneDelegate.swift */,
				C3A53E392CD8676900D105EC /* ViewController.swift */,
				7F5062BE2CE1273400E529F8 /* DetailedViewController.swift */,
				7FA857912CE3BA8900F7B0AC /* CustomTableViewCell.swift */,
				007E6C862CDC2B6B005848ED /* ProfileViewController.swift */,
				00F4E2F12CE0091B0069C29E /* LoginViewController.swift */,
				00F4E2F32CE009380069C29E /* RegisterViewController.swift */,
				C3A53E3B2CD8676900D105EC /* Main.storyboard */,
				C3FC87682CDB132B00AA4C16 /* GoogleService-Info.plist */,
				C3A53E3E2CD8676A00D105EC /* Assets.xcassets */,
				C3A53E402CD8676A00D105EC /* LaunchScreen.storyboard */,
				C3A53E432CD8676A00D105EC /* Info.plist */,
			);
			path = workkie;
			sourceTree = "<group>";
		};
/* End PBXGroup section */

/* Begin PBXNativeTarget section */
		C3A53E312CD8676900D105EC /* workkie */ = {
			isa = PBXNativeTarget;
			buildConfigurationList = C3A53E462CD8676A00D105EC /* Build configuration list for PBXNativeTarget "workkie" */;
			buildPhases = (
				C3A53E2E2CD8676900D105EC /* Sources */,
				C3A53E2F2CD8676900D105EC /* Frameworks */,
				C3A53E302CD8676900D105EC /* Resources */,
			);
			buildRules = (
			);
			dependencies = (
			);
			name = workkie;
			packageProductDependencies = (
				C3FC87602CDB10C100AA4C16 /* Meow */,
				C3FC87622CDB10C100AA4C16 /* MongoClient */,
				C3FC87642CDB10C100AA4C16 /* MongoCore */,
				C3FC87662CDB10C100AA4C16 /* MongoKitten */,
			);
			productName = workkie;
			productReference = C3A53E322CD8676900D105EC /* workkie.app */;
			productType = "com.apple.product-type.application";
		};
/* End PBXNativeTarget section */

/* Begin PBXProject section */
		C3A53E2A2CD8676900D105EC /* Project object */ = {
			isa = PBXProject;
			attributes = {
				BuildIndependentTargetsInParallel = 1;
				LastSwiftUpdateCheck = 1540;
				LastUpgradeCheck = 1540;
				TargetAttributes = {
					C3A53E312CD8676900D105EC = {
						CreatedOnToolsVersion = 15.4;
					};
				};
			};
			buildConfigurationList = C3A53E2D2CD8676900D105EC /* Build configuration list for PBXProject "workkie" */;
			compatibilityVersion = "Xcode 14.0";
			developmentRegion = en;
			hasScannedForEncodings = 0;
			knownRegions = (
				en,
				Base,
			);
			mainGroup = C3A53E292CD8676900D105EC;
			packageReferences = (
				C3FC875F2CDB10C100AA4C16 /* XCRemoteSwiftPackageReference "MongoKitten" */,
			);
			productRefGroup = C3A53E332CD8676900D105EC /* Products */;
			projectDirPath = "";
			projectRoot = "";
			targets = (
				C3A53E312CD8676900D105EC /* workkie */,
			);
		};
/* End PBXProject section */

/* Begin PBXResourcesBuildPhase section */
		C3A53E302CD8676900D105EC /* Resources */ = {
			isa = PBXResourcesBuildPhase;
			buildActionMask = 2147483647;
			files = (
				C3A53E3F2CD8676A00D105EC /* Assets.xcassets in Resources */,
				C3FC87692CDB132B00AA4C16 /* GoogleService-Info.plist in Resources */,
				C3A53E422CD8676A00D105EC /* Base in Resources */,
				C3A53E3D2CD8676900D105EC /* Base in Resources */,
			);
			runOnlyForDeploymentPostprocessing = 0;
		};
/* End PBXResourcesBuildPhase section */

/* Begin PBXSourcesBuildPhase section */
		C3A53E2E2CD8676900D105EC /* Sources */ = {
			isa = PBXSourcesBuildPhase;
			buildActionMask = 2147483647;
			files = (
				7F5062BF2CE1273400E529F8 /* DetailedViewController.swift in Sources */,
				C3A53E3A2CD8676900D105EC /* ViewController.swift in Sources */,
				7FA857922CE3BA8900F7B0AC /* CustomTableViewCell.swift in Sources */,
				00F4E2F22CE0091B0069C29E /* LoginViewController.swift in Sources */,
				C3A53E3A2CD8676900D105EC /* ViewController.swift in Sources */,
				007E6C872CDC2B6B005848ED /* ProfileViewController.swift in Sources */,
				C3A53E362CD8676900D105EC /* AppDelegate.swift in Sources */,
				C371B8602CDABB0000890F02 /* MongoTest.swift in Sources */,
				C35C876F2CE008C6002AA2C1 /* Post.swift in Sources */,
				C371B8632CDAC64700890F02 /* User.swift in Sources */,
				00F4E2F42CE009380069C29E /* RegisterViewController.swift in Sources */,
				C3A53E382CD8676900D105EC /* SceneDelegate.swift in Sources */,
			);
			runOnlyForDeploymentPostprocessing = 0;
		};
/* End PBXSourcesBuildPhase section */

/* Begin PBXVariantGroup section */
		C3A53E3B2CD8676900D105EC /* Main.storyboard */ = {
			isa = PBXVariantGroup;
			children = (
				C3A53E3C2CD8676900D105EC /* Base */,
			);
			name = Main.storyboard;
			sourceTree = "<group>";
		};
		C3A53E402CD8676A00D105EC /* LaunchScreen.storyboard */ = {
			isa = PBXVariantGroup;
			children = (
				C3A53E412CD8676A00D105EC /* Base */,
			);
			name = LaunchScreen.storyboard;
			sourceTree = "<group>";
		};
/* End PBXVariantGroup section */

/* Begin XCBuildConfiguration section */
		C3A53E442CD8676A00D105EC /* Debug */ = {
			isa = XCBuildConfiguration;
			buildSettings = {
				ALWAYS_SEARCH_USER_PATHS = NO;
				ASSETCATALOG_COMPILER_GENERATE_SWIFT_ASSET_SYMBOL_EXTENSIONS = YES;
				CLANG_ANALYZER_NONNULL = YES;
				CLANG_ANALYZER_NUMBER_OBJECT_CONVERSION = YES_AGGRESSIVE;
				CLANG_CXX_LANGUAGE_STANDARD = "gnu++20";
				CLANG_ENABLE_MODULES = YES;
				CLANG_ENABLE_OBJC_ARC = YES;
				CLANG_ENABLE_OBJC_WEAK = YES;
				CLANG_WARN_BLOCK_CAPTURE_AUTORELEASING = YES;
				CLANG_WARN_BOOL_CONVERSION = YES;
				CLANG_WARN_COMMA = YES;
				CLANG_WARN_CONSTANT_CONVERSION = YES;
				CLANG_WARN_DEPRECATED_OBJC_IMPLEMENTATIONS = YES;
				CLANG_WARN_DIRECT_OBJC_ISA_USAGE = YES_ERROR;
				CLANG_WARN_DOCUMENTATION_COMMENTS = YES;
				CLANG_WARN_EMPTY_BODY = YES;
				CLANG_WARN_ENUM_CONVERSION = YES;
				CLANG_WARN_INFINITE_RECURSION = YES;
				CLANG_WARN_INT_CONVERSION = YES;
				CLANG_WARN_NON_LITERAL_NULL_CONVERSION = YES;
				CLANG_WARN_OBJC_IMPLICIT_RETAIN_SELF = YES;
				CLANG_WARN_OBJC_LITERAL_CONVERSION = YES;
				CLANG_WARN_OBJC_ROOT_CLASS = YES_ERROR;
				CLANG_WARN_QUOTED_INCLUDE_IN_FRAMEWORK_HEADER = YES;
				CLANG_WARN_RANGE_LOOP_ANALYSIS = YES;
				CLANG_WARN_STRICT_PROTOTYPES = YES;
				CLANG_WARN_SUSPICIOUS_MOVE = YES;
				CLANG_WARN_UNGUARDED_AVAILABILITY = YES_AGGRESSIVE;
				CLANG_WARN_UNREACHABLE_CODE = YES;
				CLANG_WARN__DUPLICATE_METHOD_MATCH = YES;
				COPY_PHASE_STRIP = NO;
				DEBUG_INFORMATION_FORMAT = dwarf;
				ENABLE_STRICT_OBJC_MSGSEND = YES;
				ENABLE_TESTABILITY = YES;
				ENABLE_USER_SCRIPT_SANDBOXING = YES;
				GCC_C_LANGUAGE_STANDARD = gnu17;
				GCC_DYNAMIC_NO_PIC = NO;
				GCC_NO_COMMON_BLOCKS = YES;
				GCC_OPTIMIZATION_LEVEL = 0;
				GCC_PREPROCESSOR_DEFINITIONS = (
					"DEBUG=1",
					"$(inherited)",
				);
				GCC_WARN_64_TO_32_BIT_CONVERSION = YES;
				GCC_WARN_ABOUT_RETURN_TYPE = YES_ERROR;
				GCC_WARN_UNDECLARED_SELECTOR = YES;
				GCC_WARN_UNINITIALIZED_AUTOS = YES_AGGRESSIVE;
				GCC_WARN_UNUSED_FUNCTION = YES;
				GCC_WARN_UNUSED_VARIABLE = YES;
				IPHONEOS_DEPLOYMENT_TARGET = 16.0;
				LOCALIZATION_PREFERS_STRING_CATALOGS = YES;
				MTL_ENABLE_DEBUG_INFO = INCLUDE_SOURCE;
				MTL_FAST_MATH = YES;
				ONLY_ACTIVE_ARCH = YES;
				SDKROOT = iphoneos;
				SWIFT_ACTIVE_COMPILATION_CONDITIONS = "DEBUG $(inherited)";
				SWIFT_OPTIMIZATION_LEVEL = "-Onone";
			};
			name = Debug;
		};
		C3A53E452CD8676A00D105EC /* Release */ = {
			isa = XCBuildConfiguration;
			buildSettings = {
				ALWAYS_SEARCH_USER_PATHS = NO;
				ASSETCATALOG_COMPILER_GENERATE_SWIFT_ASSET_SYMBOL_EXTENSIONS = YES;
				CLANG_ANALYZER_NONNULL = YES;
				CLANG_ANALYZER_NUMBER_OBJECT_CONVERSION = YES_AGGRESSIVE;
				CLANG_CXX_LANGUAGE_STANDARD = "gnu++20";
				CLANG_ENABLE_MODULES = YES;
				CLANG_ENABLE_OBJC_ARC = YES;
				CLANG_ENABLE_OBJC_WEAK = YES;
				CLANG_WARN_BLOCK_CAPTURE_AUTORELEASING = YES;
				CLANG_WARN_BOOL_CONVERSION = YES;
				CLANG_WARN_COMMA = YES;
				CLANG_WARN_CONSTANT_CONVERSION = YES;
				CLANG_WARN_DEPRECATED_OBJC_IMPLEMENTATIONS = YES;
				CLANG_WARN_DIRECT_OBJC_ISA_USAGE = YES_ERROR;
				CLANG_WARN_DOCUMENTATION_COMMENTS = YES;
				CLANG_WARN_EMPTY_BODY = YES;
				CLANG_WARN_ENUM_CONVERSION = YES;
				CLANG_WARN_INFINITE_RECURSION = YES;
				CLANG_WARN_INT_CONVERSION = YES;
				CLANG_WARN_NON_LITERAL_NULL_CONVERSION = YES;
				CLANG_WARN_OBJC_IMPLICIT_RETAIN_SELF = YES;
				CLANG_WARN_OBJC_LITERAL_CONVERSION = YES;
				CLANG_WARN_OBJC_ROOT_CLASS = YES_ERROR;
				CLANG_WARN_QUOTED_INCLUDE_IN_FRAMEWORK_HEADER = YES;
				CLANG_WARN_RANGE_LOOP_ANALYSIS = YES;
				CLANG_WARN_STRICT_PROTOTYPES = YES;
				CLANG_WARN_SUSPICIOUS_MOVE = YES;
				CLANG_WARN_UNGUARDED_AVAILABILITY = YES_AGGRESSIVE;
				CLANG_WARN_UNREACHABLE_CODE = YES;
				CLANG_WARN__DUPLICATE_METHOD_MATCH = YES;
				COPY_PHASE_STRIP = NO;
				DEBUG_INFORMATION_FORMAT = "dwarf-with-dsym";
				ENABLE_NS_ASSERTIONS = NO;
				ENABLE_STRICT_OBJC_MSGSEND = YES;
				ENABLE_USER_SCRIPT_SANDBOXING = YES;
				GCC_C_LANGUAGE_STANDARD = gnu17;
				GCC_NO_COMMON_BLOCKS = YES;
				GCC_WARN_64_TO_32_BIT_CONVERSION = YES;
				GCC_WARN_ABOUT_RETURN_TYPE = YES_ERROR;
				GCC_WARN_UNDECLARED_SELECTOR = YES;
				GCC_WARN_UNINITIALIZED_AUTOS = YES_AGGRESSIVE;
				GCC_WARN_UNUSED_FUNCTION = YES;
				GCC_WARN_UNUSED_VARIABLE = YES;
				IPHONEOS_DEPLOYMENT_TARGET = 16.0;
				LOCALIZATION_PREFERS_STRING_CATALOGS = YES;
				MTL_ENABLE_DEBUG_INFO = NO;
				MTL_FAST_MATH = YES;
				SDKROOT = iphoneos;
				SWIFT_COMPILATION_MODE = wholemodule;
				VALIDATE_PRODUCT = YES;
			};
			name = Release;
		};
		C3A53E472CD8676A00D105EC /* Debug */ = {
			isa = XCBuildConfiguration;
			buildSettings = {
				ASSETCATALOG_COMPILER_APPICON_NAME = AppIcon;
				ASSETCATALOG_COMPILER_GLOBAL_ACCENT_COLOR_NAME = AccentColor;
				CODE_SIGN_STYLE = Automatic;
				CURRENT_PROJECT_VERSION = 1;
				DEVELOPMENT_TEAM = D3U2YKYBAK;
				GENERATE_INFOPLIST_FILE = YES;
				INFOPLIST_FILE = workkie/Info.plist;
				INFOPLIST_KEY_CFBundleDisplayName = Workkie;
				INFOPLIST_KEY_UIApplicationSupportsIndirectInputEvents = YES;
				INFOPLIST_KEY_UILaunchStoryboardName = LaunchScreen;
				INFOPLIST_KEY_UIMainStoryboardFile = Main;
				INFOPLIST_KEY_UIStatusBarStyle = "";
				INFOPLIST_KEY_UISupportedInterfaceOrientations_iPad = "UIInterfaceOrientationPortrait UIInterfaceOrientationPortraitUpsideDown UIInterfaceOrientationLandscapeLeft UIInterfaceOrientationLandscapeRight";
				INFOPLIST_KEY_UISupportedInterfaceOrientations_iPhone = "UIInterfaceOrientationPortrait UIInterfaceOrientationLandscapeLeft UIInterfaceOrientationLandscapeRight";
				IPHONEOS_DEPLOYMENT_TARGET = 16.0;
				LD_RUNPATH_SEARCH_PATHS = (
					"$(inherited)",
					"@executable_path/Frameworks",
				);
				MARKETING_VERSION = 1.0;
				PRODUCT_BUNDLE_IDENTIFIER = cse438.workkie;
				PRODUCT_NAME = "$(TARGET_NAME)";
				SWIFT_EMIT_LOC_STRINGS = YES;
				SWIFT_VERSION = 5.0;
				TARGETED_DEVICE_FAMILY = "1,2";
			};
			name = Debug;
		};
		C3A53E482CD8676A00D105EC /* Release */ = {
			isa = XCBuildConfiguration;
			buildSettings = {
				ASSETCATALOG_COMPILER_APPICON_NAME = AppIcon;
				ASSETCATALOG_COMPILER_GLOBAL_ACCENT_COLOR_NAME = AccentColor;
				CODE_SIGN_STYLE = Automatic;
				CURRENT_PROJECT_VERSION = 1;
				DEVELOPMENT_TEAM = D3U2YKYBAK;
				GENERATE_INFOPLIST_FILE = YES;
				INFOPLIST_FILE = workkie/Info.plist;
				INFOPLIST_KEY_CFBundleDisplayName = Workkie;
				INFOPLIST_KEY_UIApplicationSupportsIndirectInputEvents = YES;
				INFOPLIST_KEY_UILaunchStoryboardName = LaunchScreen;
				INFOPLIST_KEY_UIMainStoryboardFile = Main;
				INFOPLIST_KEY_UIStatusBarStyle = "";
				INFOPLIST_KEY_UISupportedInterfaceOrientations_iPad = "UIInterfaceOrientationPortrait UIInterfaceOrientationPortraitUpsideDown UIInterfaceOrientationLandscapeLeft UIInterfaceOrientationLandscapeRight";
				INFOPLIST_KEY_UISupportedInterfaceOrientations_iPhone = "UIInterfaceOrientationPortrait UIInterfaceOrientationLandscapeLeft UIInterfaceOrientationLandscapeRight";
				IPHONEOS_DEPLOYMENT_TARGET = 16.0;
				LD_RUNPATH_SEARCH_PATHS = (
					"$(inherited)",
					"@executable_path/Frameworks",
				);
				MARKETING_VERSION = 1.0;
				PRODUCT_BUNDLE_IDENTIFIER = cse438.workkie;
				PRODUCT_NAME = "$(TARGET_NAME)";
				SWIFT_EMIT_LOC_STRINGS = YES;
				SWIFT_VERSION = 5.0;
				TARGETED_DEVICE_FAMILY = "1,2";
			};
			name = Release;
		};
/* End XCBuildConfiguration section */

/* Begin XCConfigurationList section */
		C3A53E2D2CD8676900D105EC /* Build configuration list for PBXProject "workkie" */ = {
			isa = XCConfigurationList;
			buildConfigurations = (
				C3A53E442CD8676A00D105EC /* Debug */,
				C3A53E452CD8676A00D105EC /* Release */,
			);
			defaultConfigurationIsVisible = 0;
			defaultConfigurationName = Release;
		};
		C3A53E462CD8676A00D105EC /* Build configuration list for PBXNativeTarget "workkie" */ = {
			isa = XCConfigurationList;
			buildConfigurations = (
				C3A53E472CD8676A00D105EC /* Debug */,
				C3A53E482CD8676A00D105EC /* Release */,
			);
			defaultConfigurationIsVisible = 0;
			defaultConfigurationName = Release;
		};
/* End XCConfigurationList section */

/* Begin XCRemoteSwiftPackageReference section */
		C3FC875F2CDB10C100AA4C16 /* XCRemoteSwiftPackageReference "MongoKitten" */ = {
			isa = XCRemoteSwiftPackageReference;
			repositoryURL = "https://github.com/orlandos-nl/MongoKitten.git";
			requirement = {
				kind = upToNextMajorVersion;
				minimumVersion = 7.9.5;
			};
		};
/* End XCRemoteSwiftPackageReference section */

/* Begin XCSwiftPackageProductDependency section */
		C3FC87602CDB10C100AA4C16 /* Meow */ = {
			isa = XCSwiftPackageProductDependency;
			package = C3FC875F2CDB10C100AA4C16 /* XCRemoteSwiftPackageReference "MongoKitten" */;
			productName = Meow;
		};
		C3FC87622CDB10C100AA4C16 /* MongoClient */ = {
			isa = XCSwiftPackageProductDependency;
			package = C3FC875F2CDB10C100AA4C16 /* XCRemoteSwiftPackageReference "MongoKitten" */;
			productName = MongoClient;
		};
		C3FC87642CDB10C100AA4C16 /* MongoCore */ = {
			isa = XCSwiftPackageProductDependency;
			package = C3FC875F2CDB10C100AA4C16 /* XCRemoteSwiftPackageReference "MongoKitten" */;
			productName = MongoCore;
		};
		C3FC87662CDB10C100AA4C16 /* MongoKitten */ = {
			isa = XCSwiftPackageProductDependency;
			package = C3FC875F2CDB10C100AA4C16 /* XCRemoteSwiftPackageReference "MongoKitten" */;
			productName = MongoKitten;
		};
/* End XCSwiftPackageProductDependency section */
	};
	rootObject = C3A53E2A2CD8676900D105EC /* Project object */;
}
